lockfileVersion: '6.0'

settings:
  autoInstallPeers: true
  excludeLinksFromLockfile: false

dependencies:
  bun:
    specifier: ^1.0.11
    version: 1.0.11
  chalk:
    specifier: ^5.3.0
    version: 5.3.0
  date-fns:
    specifier: ^2.30.0
    version: 2.30.0
  meow:
    specifier: 12.1.0
    version: 12.1.0
  repeating:
    specifier: ^4.0.0
    version: 4.0.0
  split:
    specifier: ^1.0.1
    version: 1.0.1
  strip-ansi:
    specifier: ^7.1.0
    version: 7.1.0
  through:
    specifier: ^2.3.8
    version: 2.3.8
  window-size:
    specifier: ^1.1.1
    version: 1.1.1

devDependencies:
  '@tsconfig/recommended':
    specifier: ^1.0.3
    version: 1.0.3
  '@types/node':
    specifier: ^20.9.0
    version: 20.9.0
  '@types/repeating':
    specifier: ^3.0.2
    version: 3.0.2
  '@types/split':
    specifier: ^1.0.5
    version: 1.0.5
  '@types/through':
    specifier: ^0.0.33
    version: 0.0.33
  '@types/window-size':
    specifier: ^1.1.4
    version: 1.1.4
  type-fest:
    specifier: ^4.7.1
    version: 4.7.1
  typescript:
    specifier: ^5.2.2
    version: 5.2.2

packages:

  /@babel/runtime@7.23.2:
    resolution: {integrity: sha512-mM8eg4yl5D6i3lu2QKPuPH4FArvJ8KhTofbE7jwMUv9KX5mBvwPAqnV3MlyBNqdp9RyRKP6Yck8TrfYrPvX3bg==}
    engines: {node: '>=6.9.0'}
    dependencies:
      regenerator-runtime: 0.14.0
    dev: false

  /@oven/bun-darwin-aarch64@1.0.11:
    resolution: {integrity: sha512-6wCO37lyGNcqefEDQ7IJp4LW7ElKMH50/hlvW5agIBN/XbTwwtv3788dJ9NczEV7RQSlkOI6J3dUoQJ6Pgav6w==}
    cpu: [arm64]
    os: [darwin]
    requiresBuild: true
    dev: false
    optional: true

  /@oven/bun-darwin-x64-baseline@1.0.11:
    resolution: {integrity: sha512-is9liFB10GUN/UsSZVkO5tfMIJcBkiDqRvVzNkDHix/i5aXyaBb0vX+uOdJTlHDZyNGi+vHhbRMq3c3ezjJKPA==}
    cpu: [x64]
    os: [darwin]
    requiresBuild: true
    dev: false
    optional: true

  /@oven/bun-darwin-x64@1.0.11:
    resolution: {integrity: sha512-5eCtrlOfMuhg7es/6p/rZw5+4khBao/hhGKCPHl9LBok1Mrf5QQjGbXj9OoA2RC2Lxm9av4nrAZG/5nMM01B2g==}
    cpu: [x64]
    os: [darwin]
    requiresBuild: true
    dev: false
    optional: true

  /@oven/bun-linux-aarch64@1.0.11:
    resolution: {integrity: sha512-P8hI+vQ+8ffsMLRi2TNzkxsHukrNQD8G2luWo/ndJ55+1uuAMScWZooxm9rgWL6baoB/TL9/Hvi/6INGoE8UlQ==}
    cpu: [arm64]
    os: [linux]
    requiresBuild: true
    dev: false
    optional: true

  /@oven/bun-linux-x64-baseline@1.0.11:
    resolution: {integrity: sha512-Asx4pEMDXfmu9Sa0jX4PE1Wijtg1oCfUx8o4FeQEvnVz2+cGG+VoqZXuITmoQC6A4IzAZuJ1tcWOZ8jQCDtvJA==}
    cpu: [x64]
    os: [linux]
    requiresBuild: true
    dev: false
    optional: true

  /@oven/bun-linux-x64@1.0.11:
    resolution: {integrity: sha512-F9ZcgVHsPQk6ooHXIeydiLcVcMwhGRjSlOVeHBuHEJ+bI24e/dCY73UKEEz8/hLNA32ocDMmkAGE79qv0ccEIA==}
    cpu: [x64]
    os: [linux]
    requiresBuild: true
    dev: false
    optional: true

  /@tsconfig/recommended@1.0.3:
    resolution: {integrity: sha512-+jby/Guq9H8O7NWgCv6X8VAiQE8Dr/nccsCtL74xyHKhu2Knu5EAKmOZj3nLCnLm1KooUzKY+5DsnGVqhM8/wQ==}
    dev: true

  /@types/node@20.9.0:
    resolution: {integrity: sha512-nekiGu2NDb1BcVofVcEKMIwzlx4NjHlcjhoxxKBNLtz15Y1z7MYf549DFvkHSId02Ax6kGwWntIBPC3l/JZcmw==}
    dependencies:
      undici-types: 5.26.5
    dev: true

  /@types/repeating@3.0.2:
    resolution: {integrity: sha512-tSm6GJKJfCHywz1oV/kD5QHy9HbkbtexcFfxQleQy2XLtE7XEu9BGR4eT9rFsnsAPQfIUBSHf5m0GIfgFIdy3g==}
    dev: true

  /@types/split@1.0.5:
    resolution: {integrity: sha512-gMiDr4vA6YofTpAkPQtP+5pvStIf3CMYphf32YAG/3RwogNL8ii1CQKDc+sxN62KuxPoRaJXcf2zDCDkEBH4FA==}
    dependencies:
      '@types/node': 20.9.0
      '@types/through': 0.0.33
    dev: true

  /@types/through@0.0.33:
    resolution: {integrity: sha512-HsJ+z3QuETzP3cswwtzt2vEIiHBk/dCcHGhbmG5X3ecnwFD/lPrMpliGXxSCg03L9AhrdwA4Oz/qfspkDW+xGQ==}
    dependencies:
      '@types/node': 20.9.0
    dev: true

  /@types/window-size@1.1.4:
    resolution: {integrity: sha512-OYF0UCBTSbWniXRJPgk/SzCd1jkalEPP4qrqicnrts6hij/Zi+rxWqtS9jpuCpaW7/ZkJsJgyt8OTTEUqU1rhQ==}
    dependencies:
      '@types/node': 20.9.0
    dev: true

  /ansi-regex@6.0.1:
    resolution: {integrity: sha512-n5M855fKb2SsfMIiFFoVrABHJC8QtHwVx+mHWP3QcEqBHYienj5dHSgjbxtC0WEZXYt4wcD6zrQElDPhFuZgfA==}
    engines: {node: '>=12'}
    dev: false

  /bun@1.0.11:
    resolution: {integrity: sha512-cKyQAQOfWNIP511UpQjkABUp7z/5+1ci2kXfhjL9PozHoCaCtnYFtVjeqU1LovpqEP1agAsMiDpGNKbJP89RIw==}
    cpu: [arm64, x64]
    os: [darwin, linux]
    hasBin: true
    requiresBuild: true
    optionalDependencies:
      '@oven/bun-darwin-aarch64': 1.0.11
      '@oven/bun-darwin-x64': 1.0.11
      '@oven/bun-darwin-x64-baseline': 1.0.11
      '@oven/bun-linux-aarch64': 1.0.11
      '@oven/bun-linux-x64': 1.0.11
      '@oven/bun-linux-x64-baseline': 1.0.11
    dev: false

  /chalk@5.3.0:
    resolution: {integrity: sha512-dLitG79d+GV1Nb/VYcCDFivJeK1hiukt9QjRNVOsUtTy1rR1YJsmpGGTZ3qJos+uw7WmWF4wUwBd9jxjocFC2w==}
    engines: {node: ^12.17.0 || ^14.13 || >=16.0.0}
    dev: false

  /date-fns@2.30.0:
    resolution: {integrity: sha512-fnULvOpxnC5/Vg3NCiWelDsLiUc9bRwAPs/+LfTLNvetFCtCTN+yQz15C/fs4AwX1R9K5GLtLfn8QW+dWisaAw==}
    engines: {node: '>=0.11'}
    dependencies:
      '@babel/runtime': 7.23.2
    dev: false

  /define-property@1.0.0:
    resolution: {integrity: sha512-cZTYKFWspt9jZsMscWo8sc/5lbPC9Q0N5nBLgb+Yd915iL3udB1uFgS3B8YCx66UVHq018DAVFoee7x+gxggeA==}
    engines: {node: '>=0.10.0'}
    dependencies:
      is-descriptor: 1.0.3
    dev: false

  /function-bind@1.1.2:
    resolution: {integrity: sha512-7XHNxH7qX9xG5mIwxkhumTox/MIRNcOgDrxWsMt2pAr23WHp6MrRlN7FBSFpCpr+oVO0F744iUgR82nJMfG2SA==}
    dev: false

  /hasown@2.0.0:
    resolution: {integrity: sha512-vUptKVTpIJhcczKBbgnS+RtcuYMB8+oNzPK2/Hp3hanz8JmpATdmmgLgSaadVREkDm+e2giHwY3ZRkyjSIDDFA==}
    engines: {node: '>= 0.4'}
    dependencies:
      function-bind: 1.1.2
    dev: false

  /is-accessor-descriptor@1.0.1:
    resolution: {integrity: sha512-YBUanLI8Yoihw923YeFUS5fs0fF2f5TSFTNiYAAzhhDscDa3lEqYuz1pDOEP5KvX94I9ey3vsqjJcLVFVU+3QA==}
    engines: {node: '>= 0.10'}
    dependencies:
      hasown: 2.0.0
    dev: false

  /is-buffer@1.1.6:
    resolution: {integrity: sha512-NcdALwpXkTm5Zvvbk7owOUSvVvBKDgKP5/ewfXEznmQFfs4ZRmanOeKBTjRVjka3QFoN6XJ+9F3USqfHqTaU5w==}
    dev: false

  /is-data-descriptor@1.0.1:
    resolution: {integrity: sha512-bc4NlCDiCr28U4aEsQ3Qs2491gVq4V8G7MQyws968ImqjKuYtTJXrl7Vq7jsN7Ly/C3xj5KWFrY7sHNeDkAzXw==}
    engines: {node: '>= 0.4'}
    dependencies:
      hasown: 2.0.0
    dev: false

  /is-descriptor@1.0.3:
    resolution: {integrity: sha512-JCNNGbwWZEVaSPtS45mdtrneRWJFp07LLmykxeFV5F6oBvNF8vHSfJuJgoT472pSfk+Mf8VnlrspaFBHWM8JAw==}
    engines: {node: '>= 0.4'}
    dependencies:
      is-accessor-descriptor: 1.0.1
      is-data-descriptor: 1.0.1
    dev: false

  /is-number@3.0.0:
    resolution: {integrity: sha512-4cboCqIpliH+mAvFNegjZQ4kgKc3ZUhQVr3HvWbSh5q3WH2v82ct+T2Y1hdU5Gdtorx/cLifQjqCbL7bpznLTg==}
    engines: {node: '>=0.10.0'}
    dependencies:
      kind-of: 3.2.2
    dev: false

  /kind-of@3.2.2:
    resolution: {integrity: sha512-NOW9QQXMoZGg/oqnVNoNTTIFEIid1627WCffUBJEdMxYApq7mNE7CpzucIPc+ZQg25Phej7IJSmX3hO+oblOtQ==}
    engines: {node: '>=0.10.0'}
    dependencies:
      is-buffer: 1.1.6
    dev: false

  /meow@12.1.0:
    resolution: {integrity: sha512-SvSqzS5ktjGoySdCwxQI16iO/ID1LtxM03QvJ4FF2H5cCtXLN7YbfKBCL9btqXSSuJ5TNG4UH6wvWtXZuvgvrw==}
    engines: {node: '>=16.10'}
    dev: false

  /regenerator-runtime@0.14.0:
    resolution: {integrity: sha512-srw17NI0TUWHuGa5CFGGmhfNIeja30WMBfbslPNhf6JrqQlLN5gcrvig1oqPxiVaXb0oW0XRKtH6Nngs5lKCIA==}
    dev: false

  /repeating@4.0.0:
    resolution: {integrity: sha512-wybN0Oi4s+to0yHMzZGbUgUR10107oB0HzUNqCrLQNw5sYIRhx+xp3L03KPqYkBxG0ilfX//vGT2PyNfUfOxYw==}
    engines: {node: '>=12'}
    dev: false

  /split@1.0.1:
    resolution: {integrity: sha512-mTyOoPbrivtXnwnIxZRFYRrPNtEFKlpB2fvjSnCQUiAA6qAZzqwna5envK4uk6OIeP17CsdF3rSBGYVBsU0Tkg==}
    dependencies:
      through: 2.3.8
    dev: false

  /strip-ansi@7.1.0:
    resolution: {integrity: sha512-iq6eVVI64nQQTRYq2KtEg2d2uU7LElhTJwsH4YzIHZshxlgZms/wIc4VoDQTlG/IvVIrBKG06CrZnp0qv7hkcQ==}
    engines: {node: '>=12'}
    dependencies:
      ansi-regex: 6.0.1
    dev: false

  /through@2.3.8:
    resolution: {integrity: sha512-w89qg7PI8wAdvX60bMDP+bFoD5Dvhm9oLheFp5O4a2QF0cSBGsBX4qZmadPMvVqlLJBBci+WqGGOAPvcDeNSVg==}
    dev: false

  /type-fest@4.7.1:
    resolution: {integrity: sha512-iWr8RUmzAJRfhZugX9O7nZE6pCxDU8CZ3QxsLuTnGcBLJpCaP2ll3s4eMTBoFnU/CeXY/5rfQSuAEsTGJO4y8A==}
    engines: {node: '>=16'}
    dev: true

  /typescript@5.2.2:
    resolution: {integrity: sha512-mI4WrpHsbCIcwT9cF4FZvr80QUeKvsUsUvKDoR+X/7XHQH98xYD8YHZg7ANtz2GtZt/CBq2QJ0thkGJMHfqc1w==}
    engines: {node: '>=14.17'}
    hasBin: true
    dev: true

  /undici-types@5.26.5:
    resolution: {integrity: sha512-JlCMO+ehdEIKqlFxk6IfVoAUVmgz7cU7zD/h9XZ0qzeosSHmUJVOzSQvvYSYWXkFXC+IfLKSIffhv0sVZup6pA==}
    dev: true

  /window-size@1.1.1:
    resolution: {integrity: sha512-5D/9vujkmVQ7pSmc0SCBmHXbkv6eaHwXEx65MywhmUMsI8sGqJ972APq1lotfcwMKPFLuCFfL8xGHLIp7jaBmA==}
    engines: {node: '>= 0.10.0'}
    hasBin: true
    dependencies:
      define-property: 1.0.0
      is-number: 3.0.0
    dev: false
